
Microsoft Visual Studio Solution File, Format Version 12.00
# Visual Studio Version 17
VisualStudioVersion = 17.8.34316.72
MinimumVisualStudioVersion = 10.0.40219.1
Project("{FAE04EC0-301F-11D3-BF4B-00C04F79EFBC}") = "spiral-matrix-ii", "spiral-matrix-ii\spiral-matrix-ii.csproj", "{0BB799A4-10D6-44B0-9B53-1567AD85F2EE}"
EndProject
Global
	GlobalSection(SolutionConfigurationPlatforms) = preSolution
		Debug|Any CPU = Debug|Any CPU
		Release|Any CPU = Release|Any CPU
	EndGlobalSection
	GlobalSection(ProjectConfigurationPlatforms) = postSolution
		{0BB799A4-10D6-44B0-9B53-1567AD85F2EE}.Debug|Any CPU.ActiveCfg = Debug|Any CPU
		{0BB799A4-10D6-44B0-9B53-1567AD85F2EE}.Debug|Any CPU.Build.0 = Debug|Any CPU
		{0BB799A4-10D6-44B0-9B53-1567AD85F2EE}.Release|Any CPU.ActiveCfg = Release|Any CPU
		{0BB799A4-10D6-44B0-9B53-1567AD85F2EE}.Release|Any CPU.Build.0 = Release|Any CPU
	EndGlobalSection
	GlobalSection(SolutionProperties) = preSolution
		HideSolutionNode = FALSE
	EndGlobalSection
	GlobalSection(ExtensibilityGlobals) = postSolution
		SolutionGuid = {BFED3552-1FBD-4314-82C6-E38A6D9F0A12}
	EndGlobalSection
EndGlobal
